// !$*UTF8*$!
{
	archiveVersion = 1;
	classes = {
	};
	objectVersion = 50;
	objects = {

/* Begin PBXBuildFile section */
		233593D82107E7CE0028E014 /* ForgotPasswordVC.swift in Sources */ = {isa = PBXBuildFile; fileRef = 233593D72107E7CE0028E014 /* ForgotPasswordVC.swift */; };
		233593D92107E7CE0028E014 /* ForgotPasswordVC.swift in Sources */ = {isa = PBXBuildFile; fileRef = 233593D72107E7CE0028E014 /* ForgotPasswordVC.swift */; };
		233593DA2107E7CE0028E014 /* ForgotPasswordVC.swift in Sources */ = {isa = PBXBuildFile; fileRef = 233593D72107E7CE0028E014 /* ForgotPasswordVC.swift */; };
		233593DC2107E9BF0028E014 /* NewPasswordVC.swift in Sources */ = {isa = PBXBuildFile; fileRef = 233593DB2107E9BF0028E014 /* NewPasswordVC.swift */; };
		233593DD2107E9BF0028E014 /* NewPasswordVC.swift in Sources */ = {isa = PBXBuildFile; fileRef = 233593DB2107E9BF0028E014 /* NewPasswordVC.swift */; };
		233593DE2107E9BF0028E014 /* NewPasswordVC.swift in Sources */ = {isa = PBXBuildFile; fileRef = 233593DB2107E9BF0028E014 /* NewPasswordVC.swift */; };
		2359A60320CA566500C66740 /* GetIdToken.swift in Sources */ = {isa = PBXBuildFile; fileRef = 2359A60220CA566500C66740 /* GetIdToken.swift */; };
		2359A60420CA566500C66740 /* GetIdToken.swift in Sources */ = {isa = PBXBuildFile; fileRef = 2359A60220CA566500C66740 /* GetIdToken.swift */; };
		2359A60C20CA57BC00C66740 /* Logout.swift in Sources */ = {isa = PBXBuildFile; fileRef = 2359A60B20CA57BC00C66740 /* Logout.swift */; };
		2359A60D20CA57BC00C66740 /* Logout.swift in Sources */ = {isa = PBXBuildFile; fileRef = 2359A60B20CA57BC00C66740 /* Logout.swift */; };
		237796F920CA61AB00CB27E6 /* MainVC.swift in Sources */ = {isa = PBXBuildFile; fileRef = 237796F820CA61AB00CB27E6 /* MainVC.swift */; };
		237796FA20CA61AB00CB27E6 /* MainVC.swift in Sources */ = {isa = PBXBuildFile; fileRef = 237796F820CA61AB00CB27E6 /* MainVC.swift */; };
		237796FB20CA61AB00CB27E6 /* MainVC.swift in Sources */ = {isa = PBXBuildFile; fileRef = 237796F820CA61AB00CB27E6 /* MainVC.swift */; };
		237D350D20C8F61100C2E054 /* AppDelegate.swift in Sources */ = {isa = PBXBuildFile; fileRef = 237D350C20C8F61100C2E054 /* AppDelegate.swift */; };
		237D351420C8F61200C2E054 /* Assets.xcassets in Resources */ = {isa = PBXBuildFile; fileRef = 237D351320C8F61200C2E054 /* Assets.xcassets */; };
		237D351720C8F61200C2E054 /* LaunchScreen.storyboard in Resources */ = {isa = PBXBuildFile; fileRef = 237D351520C8F61200C2E054 /* LaunchScreen.storyboard */; };
		237D352220C8F61200C2E054 /* swift_cognito_boilerplateTests.swift in Sources */ = {isa = PBXBuildFile; fileRef = 237D352120C8F61200C2E054 /* swift_cognito_boilerplateTests.swift */; };
		237D352D20C8F61300C2E054 /* swift_cognito_boilerplateUITests.swift in Sources */ = {isa = PBXBuildFile; fileRef = 237D352C20C8F61300C2E054 /* swift_cognito_boilerplateUITests.swift */; };
		237D354020C8F7F500C2E054 /* StartupVC.swift in Sources */ = {isa = PBXBuildFile; fileRef = 237D353F20C8F7F500C2E054 /* StartupVC.swift */; };
		237D354120C8F7F500C2E054 /* StartupVC.swift in Sources */ = {isa = PBXBuildFile; fileRef = 237D353F20C8F7F500C2E054 /* StartupVC.swift */; };
		237D354220C8F7F500C2E054 /* StartupVC.swift in Sources */ = {isa = PBXBuildFile; fileRef = 237D353F20C8F7F500C2E054 /* StartupVC.swift */; };
		237D354420C8F83A00C2E054 /* Main.storyboard in Resources */ = {isa = PBXBuildFile; fileRef = 237D354320C8F83A00C2E054 /* Main.storyboard */; };
		237D354520C8F83A00C2E054 /* Main.storyboard in Resources */ = {isa = PBXBuildFile; fileRef = 237D354320C8F83A00C2E054 /* Main.storyboard */; };
		237D354620C8F83A00C2E054 /* Main.storyboard in Resources */ = {isa = PBXBuildFile; fileRef = 237D354320C8F83A00C2E054 /* Main.storyboard */; };
		237D354920C8F8D000C2E054 /* Authentication.storyboard in Resources */ = {isa = PBXBuildFile; fileRef = 237D354720C8F8D000C2E054 /* Authentication.storyboard */; };
		237D354A20C8F8D000C2E054 /* Authentication.storyboard in Resources */ = {isa = PBXBuildFile; fileRef = 237D354720C8F8D000C2E054 /* Authentication.storyboard */; };
		237D354B20C8F8D000C2E054 /* Authentication.storyboard in Resources */ = {isa = PBXBuildFile; fileRef = 237D354720C8F8D000C2E054 /* Authentication.storyboard */; };
		237D354D20C8F8E200C2E054 /* LoginVC.swift in Sources */ = {isa = PBXBuildFile; fileRef = 237D354C20C8F8E200C2E054 /* LoginVC.swift */; };
		237D354E20C8F8E200C2E054 /* LoginVC.swift in Sources */ = {isa = PBXBuildFile; fileRef = 237D354C20C8F8E200C2E054 /* LoginVC.swift */; };
		237D354F20C8F8E200C2E054 /* LoginVC.swift in Sources */ = {isa = PBXBuildFile; fileRef = 237D354C20C8F8E200C2E054 /* LoginVC.swift */; };
		237D355220C8F98900C2E054 /* UIViewControllerExtensions.swift in Sources */ = {isa = PBXBuildFile; fileRef = 237D355120C8F98900C2E054 /* UIViewControllerExtensions.swift */; };
		237D355320C8F98900C2E054 /* UIViewControllerExtensions.swift in Sources */ = {isa = PBXBuildFile; fileRef = 237D355120C8F98900C2E054 /* UIViewControllerExtensions.swift */; };
		237D355420C8F98900C2E054 /* UIViewControllerExtensions.swift in Sources */ = {isa = PBXBuildFile; fileRef = 237D355120C8F98900C2E054 /* UIViewControllerExtensions.swift */; };
		23B7661820CA4AF500667FEE /* Constants.swift in Sources */ = {isa = PBXBuildFile; fileRef = 23B7661720CA4AF500667FEE /* Constants.swift */; };
		23B7661920CA4AF500667FEE /* Constants.swift in Sources */ = {isa = PBXBuildFile; fileRef = 23B7661720CA4AF500667FEE /* Constants.swift */; };
		23B7661B20CA54DB00667FEE /* GetCurrentUser.swift in Sources */ = {isa = PBXBuildFile; fileRef = 23B7661A20CA54DB00667FEE /* GetCurrentUser.swift */; };
		23B7661C20CA54DB00667FEE /* GetCurrentUser.swift in Sources */ = {isa = PBXBuildFile; fileRef = 23B7661A20CA54DB00667FEE /* GetCurrentUser.swift */; };
		23CAAC5E20CA3B3E00725C0B /* GetTopVC.swift in Sources */ = {isa = PBXBuildFile; fileRef = 23CAAC5D20CA3B3E00725C0B /* GetTopVC.swift */; };
		23CAAC5F20CA3B3E00725C0B /* GetTopVC.swift in Sources */ = {isa = PBXBuildFile; fileRef = 23CAAC5D20CA3B3E00725C0B /* GetTopVC.swift */; };
		23CAAC6120CA3BCF00725C0B /* ForceChangePasswordVC.swift in Sources */ = {isa = PBXBuildFile; fileRef = 23CAAC6020CA3BCF00725C0B /* ForceChangePasswordVC.swift */; };
		23CAAC6220CA3BCF00725C0B /* ForceChangePasswordVC.swift in Sources */ = {isa = PBXBuildFile; fileRef = 23CAAC6020CA3BCF00725C0B /* ForceChangePasswordVC.swift */; };
		23CBBBAF20CA381B0064446D /* ShowAlertView.swift in Sources */ = {isa = PBXBuildFile; fileRef = 23CBBBAE20CA381B0064446D /* ShowAlertView.swift */; };
		23CBBBB020CA381B0064446D /* ShowAlertView.swift in Sources */ = {isa = PBXBuildFile; fileRef = 23CBBBAE20CA381B0064446D /* ShowAlertView.swift */; };
		23CBBBB220CA384F0064446D /* UIWindowExtensions.swift in Sources */ = {isa = PBXBuildFile; fileRef = 23CBBBB120CA384F0064446D /* UIWindowExtensions.swift */; };
		23CBBBB320CA384F0064446D /* UIWindowExtensions.swift in Sources */ = {isa = PBXBuildFile; fileRef = 23CBBBB120CA384F0064446D /* UIWindowExtensions.swift */; };
		84C3A8EF4922EA51E10069EA /* Pods_swift_cognito_boilerplateTests.framework in Frameworks */ = {isa = PBXBuildFile; fileRef = 6D0519652DD29115CCA8E20F /* Pods_swift_cognito_boilerplateTests.framework */; };
		CD97D22716EB053A6BC19057 /* Pods_swift_cognito_boilerplate.framework in Frameworks */ = {isa = PBXBuildFile; fileRef = E5DE8277D10DF1DA2D61B94C /* Pods_swift_cognito_boilerplate.framework */; };
/* End PBXBuildFile section */

/* Begin PBXContainerItemProxy section */
		237D351E20C8F61200C2E054 /* PBXContainerItemProxy */ = {
			isa = PBXContainerItemProxy;
			containerPortal = 237D350120C8F61100C2E054 /* Project object */;
			proxyType = 1;
			remoteGlobalIDString = 237D350820C8F61100C2E054;
			remoteInfo = "swift-cognito-boilerplate";
		};
		237D352920C8F61300C2E054 /* PBXContainerItemProxy */ = {
			isa = PBXContainerItemProxy;
			containerPortal = 237D350120C8F61100C2E054 /* Project object */;
			proxyType = 1;
			remoteGlobalIDString = 237D350820C8F61100C2E054;
			remoteInfo = "swift-cognito-boilerplate";
		};
/* End PBXContainerItemProxy section */

/* Begin PBXFileReference section */
		00221FE7781DD95313494E8A /* Pods-swift-cognito-boilerplateTests.debug.xcconfig */ = {isa = PBXFileReference; includeInIndex = 1; lastKnownFileType = text.xcconfig; name = "Pods-swift-cognito-boilerplateTests.debug.xcconfig"; path = "Pods/Target Support Files/Pods-swift-cognito-boilerplateTests/Pods-swift-cognito-boilerplateTests.debug.xcconfig"; sourceTree = "<group>"; };
		1B0D7C15D6222F36D0AFA443 /* Pods-swift-cognito-boilerplateTests.release.xcconfig */ = {isa = PBXFileReference; includeInIndex = 1; lastKnownFileType = text.xcconfig; name = "Pods-swift-cognito-boilerplateTests.release.xcconfig"; path = "Pods/Target Support Files/Pods-swift-cognito-boilerplateTests/Pods-swift-cognito-boilerplateTests.release.xcconfig"; sourceTree = "<group>"; };
		1D11CF8BFC8998C4CF4533D2 /* Pods-swift-cognito-boilerplate.debug.xcconfig */ = {isa = PBXFileReference; includeInIndex = 1; lastKnownFileType = text.xcconfig; name = "Pods-swift-cognito-boilerplate.debug.xcconfig"; path = "Pods/Target Support Files/Pods-swift-cognito-boilerplate/Pods-swift-cognito-boilerplate.debug.xcconfig"; sourceTree = "<group>"; };
		233593D72107E7CE0028E014 /* ForgotPasswordVC.swift */ = {isa = PBXFileReference; lastKnownFileType = sourcecode.swift; path = ForgotPasswordVC.swift; sourceTree = "<group>"; };
		233593DB2107E9BF0028E014 /* NewPasswordVC.swift */ = {isa = PBXFileReference; lastKnownFileType = sourcecode.swift; path = NewPasswordVC.swift; sourceTree = "<group>"; };
		2359A60220CA566500C66740 /* GetIdToken.swift */ = {isa = PBXFileReference; lastKnownFileType = sourcecode.swift; path = GetIdToken.swift; sourceTree = "<group>"; };
		2359A60B20CA57BC00C66740 /* Logout.swift */ = {isa = PBXFileReference; lastKnownFileType = sourcecode.swift; path = Logout.swift; sourceTree = "<group>"; };
		237796F820CA61AB00CB27E6 /* MainVC.swift */ = {isa = PBXFileReference; lastKnownFileType = sourcecode.swift; path = MainVC.swift; sourceTree = "<group>"; };
		237D350920C8F61100C2E054 /* swift-cognito-boilerplate.app */ = {isa = PBXFileReference; explicitFileType = wrapper.application; includeInIndex = 0; path = "swift-cognito-boilerplate.app"; sourceTree = BUILT_PRODUCTS_DIR; };
		237D350C20C8F61100C2E054 /* AppDelegate.swift */ = {isa = PBXFileReference; lastKnownFileType = sourcecode.swift; path = AppDelegate.swift; sourceTree = "<group>"; };
		237D351320C8F61200C2E054 /* Assets.xcassets */ = {isa = PBXFileReference; lastKnownFileType = folder.assetcatalog; path = Assets.xcassets; sourceTree = "<group>"; };
		237D351620C8F61200C2E054 /* Base */ = {isa = PBXFileReference; lastKnownFileType = file.storyboard; name = Base; path = Base.lproj/LaunchScreen.storyboard; sourceTree = "<group>"; };
		237D351820C8F61200C2E054 /* Info.plist */ = {isa = PBXFileReference; lastKnownFileType = text.plist.xml; path = Info.plist; sourceTree = "<group>"; };
		237D351D20C8F61200C2E054 /* swift-cognito-boilerplateTests.xctest */ = {isa = PBXFileReference; explicitFileType = wrapper.cfbundle; includeInIndex = 0; path = "swift-cognito-boilerplateTests.xctest"; sourceTree = BUILT_PRODUCTS_DIR; };
		237D352120C8F61200C2E054 /* swift_cognito_boilerplateTests.swift */ = {isa = PBXFileReference; lastKnownFileType = sourcecode.swift; path = swift_cognito_boilerplateTests.swift; sourceTree = "<group>"; };
		237D352320C8F61300C2E054 /* Info.plist */ = {isa = PBXFileReference; lastKnownFileType = text.plist.xml; path = Info.plist; sourceTree = "<group>"; };
		237D352820C8F61300C2E054 /* swift-cognito-boilerplateUITests.xctest */ = {isa = PBXFileReference; explicitFileType = wrapper.cfbundle; includeInIndex = 0; path = "swift-cognito-boilerplateUITests.xctest"; sourceTree = BUILT_PRODUCTS_DIR; };
		237D352C20C8F61300C2E054 /* swift_cognito_boilerplateUITests.swift */ = {isa = PBXFileReference; lastKnownFileType = sourcecode.swift; path = swift_cognito_boilerplateUITests.swift; sourceTree = "<group>"; };
		237D352E20C8F61300C2E054 /* Info.plist */ = {isa = PBXFileReference; lastKnownFileType = text.plist.xml; path = Info.plist; sourceTree = "<group>"; };
		237D353F20C8F7F500C2E054 /* StartupVC.swift */ = {isa = PBXFileReference; lastKnownFileType = sourcecode.swift; path = StartupVC.swift; sourceTree = "<group>"; };
		237D354320C8F83A00C2E054 /* Main.storyboard */ = {isa = PBXFileReference; lastKnownFileType = file.storyboard; path = Main.storyboard; sourceTree = "<group>"; };
		237D354820C8F8D000C2E054 /* Base */ = {isa = PBXFileReference; lastKnownFileType = file.storyboard; name = Base; path = Base.lproj/Authentication.storyboard; sourceTree = "<group>"; };
		237D354C20C8F8E200C2E054 /* LoginVC.swift */ = {isa = PBXFileReference; lastKnownFileType = sourcecode.swift; path = LoginVC.swift; sourceTree = "<group>"; };
		237D355120C8F98900C2E054 /* UIViewControllerExtensions.swift */ = {isa = PBXFileReference; lastKnownFileType = sourcecode.swift; path = UIViewControllerExtensions.swift; sourceTree = "<group>"; };
		23B7661720CA4AF500667FEE /* Constants.swift */ = {isa = PBXFileReference; lastKnownFileType = sourcecode.swift; path = Constants.swift; sourceTree = "<group>"; };
		23B7661A20CA54DB00667FEE /* GetCurrentUser.swift */ = {isa = PBXFileReference; lastKnownFileType = sourcecode.swift; path = GetCurrentUser.swift; sourceTree = "<group>"; };
		23CAAC5D20CA3B3E00725C0B /* GetTopVC.swift */ = {isa = PBXFileReference; lastKnownFileType = sourcecode.swift; path = GetTopVC.swift; sourceTree = "<group>"; };
		23CAAC6020CA3BCF00725C0B /* ForceChangePasswordVC.swift */ = {isa = PBXFileReference; lastKnownFileType = sourcecode.swift; path = ForceChangePasswordVC.swift; sourceTree = "<group>"; };
		23CBBBAE20CA381B0064446D /* ShowAlertView.swift */ = {isa = PBXFileReference; lastKnownFileType = sourcecode.swift; path = ShowAlertView.swift; sourceTree = "<group>"; };
		23CBBBB120CA384F0064446D /* UIWindowExtensions.swift */ = {isa = PBXFileReference; lastKnownFileType = sourcecode.swift; path = UIWindowExtensions.swift; sourceTree = "<group>"; };
		6D0519652DD29115CCA8E20F /* Pods_swift_cognito_boilerplateTests.framework */ = {isa = PBXFileReference; explicitFileType = wrapper.framework; includeInIndex = 0; path = Pods_swift_cognito_boilerplateTests.framework; sourceTree = BUILT_PRODUCTS_DIR; };
		A2E5229AE6990922EF25DF70 /* Pods-swift-cognito-boilerplate.release.xcconfig */ = {isa = PBXFileReference; includeInIndex = 1; lastKnownFileType = text.xcconfig; name = "Pods-swift-cognito-boilerplate.release.xcconfig"; path = "Pods/Target Support Files/Pods-swift-cognito-boilerplate/Pods-swift-cognito-boilerplate.release.xcconfig"; sourceTree = "<group>"; };
		E5DE8277D10DF1DA2D61B94C /* Pods_swift_cognito_boilerplate.framework */ = {isa = PBXFileReference; explicitFileType = wrapper.framework; includeInIndex = 0; path = Pods_swift_cognito_boilerplate.framework; sourceTree = BUILT_PRODUCTS_DIR; };
/* End PBXFileReference section */

/* Begin PBXFrameworksBuildPhase section */
		237D350620C8F61100C2E054 /* Frameworks */ = {
			isa = PBXFrameworksBuildPhase;
			buildActionMask = 2147483647;
			files = (
				CD97D22716EB053A6BC19057 /* Pods_swift_cognito_boilerplate.framework in Frameworks */,
			);
			runOnlyForDeploymentPostprocessing = 0;
		};
		237D351A20C8F61200C2E054 /* Frameworks */ = {
			isa = PBXFrameworksBuildPhase;
			buildActionMask = 2147483647;
			files = (
				84C3A8EF4922EA51E10069EA /* Pods_swift_cognito_boilerplateTests.framework in Frameworks */,
			);
			runOnlyForDeploymentPostprocessing = 0;
		};
		237D352520C8F61300C2E054 /* Frameworks */ = {
			isa = PBXFrameworksBuildPhase;
			buildActionMask = 2147483647;
			files = (
			);
			runOnlyForDeploymentPostprocessing = 0;
		};
/* End PBXFrameworksBuildPhase section */

/* Begin PBXGroup section */
		237D350020C8F61100C2E054 = {
			isa = PBXGroup;
			children = (
				237D350B20C8F61100C2E054 /* swift-cognito-boilerplate */,
				237D352020C8F61200C2E054 /* swift-cognito-boilerplateTests */,
				237D352B20C8F61300C2E054 /* swift-cognito-boilerplateUITests */,
				237D350A20C8F61100C2E054 /* Products */,
				419C7A8C521B026BC44B5473 /* Pods */,
				9CABF2384F4BFB7FC222ADCC /* Frameworks */,
			);
			sourceTree = "<group>";
		};
		237D350A20C8F61100C2E054 /* Products */ = {
			isa = PBXGroup;
			children = (
				237D350920C8F61100C2E054 /* swift-cognito-boilerplate.app */,
				237D351D20C8F61200C2E054 /* swift-cognito-boilerplateTests.xctest */,
				237D352820C8F61300C2E054 /* swift-cognito-boilerplateUITests.xctest */,
			);
			name = Products;
			sourceTree = "<group>";
		};
		237D350B20C8F61100C2E054 /* swift-cognito-boilerplate */ = {
			isa = PBXGroup;
			children = (
				23B7661620CA4AD900667FEE /* Support */,
				23CBBBAD20CA380C0064446D /* Services */,
				237D355020C8F97600C2E054 /* Extensions */,
				237D353E20C8F7E200C2E054 /* ViewControllers */,
				237D353A20C8F73400C2E054 /* Storyboards */,
				237D350C20C8F61100C2E054 /* AppDelegate.swift */,
				237D351320C8F61200C2E054 /* Assets.xcassets */,
				237D351820C8F61200C2E054 /* Info.plist */,
			);
			path = "swift-cognito-boilerplate";
			sourceTree = "<group>";
		};
		237D352020C8F61200C2E054 /* swift-cognito-boilerplateTests */ = {
			isa = PBXGroup;
			children = (
				237D352120C8F61200C2E054 /* swift_cognito_boilerplateTests.swift */,
				237D352320C8F61300C2E054 /* Info.plist */,
			);
			path = "swift-cognito-boilerplateTests";
			sourceTree = "<group>";
		};
		237D352B20C8F61300C2E054 /* swift-cognito-boilerplateUITests */ = {
			isa = PBXGroup;
			children = (
				237D352C20C8F61300C2E054 /* swift_cognito_boilerplateUITests.swift */,
				237D352E20C8F61300C2E054 /* Info.plist */,
			);
			path = "swift-cognito-boilerplateUITests";
			sourceTree = "<group>";
		};
		237D353A20C8F73400C2E054 /* Storyboards */ = {
			isa = PBXGroup;
			children = (
				237D351520C8F61200C2E054 /* LaunchScreen.storyboard */,
				237D354320C8F83A00C2E054 /* Main.storyboard */,
				237D354720C8F8D000C2E054 /* Authentication.storyboard */,
			);
			path = Storyboards;
			sourceTree = "<group>";
		};
		237D353E20C8F7E200C2E054 /* ViewControllers */ = {
			isa = PBXGroup;
			children = (
				237D353F20C8F7F500C2E054 /* StartupVC.swift */,
				237D354C20C8F8E200C2E054 /* LoginVC.swift */,
				23CAAC6020CA3BCF00725C0B /* ForceChangePasswordVC.swift */,
				237796F820CA61AB00CB27E6 /* MainVC.swift */,
				233593D72107E7CE0028E014 /* ForgotPasswordVC.swift */,
				233593DB2107E9BF0028E014 /* NewPasswordVC.swift */,
			);
			path = ViewControllers;
			sourceTree = "<group>";
		};
		237D355020C8F97600C2E054 /* Extensions */ = {
			isa = PBXGroup;
			children = (
				237D355120C8F98900C2E054 /* UIViewControllerExtensions.swift */,
				23CBBBB120CA384F0064446D /* UIWindowExtensions.swift */,
			);
			path = Extensions;
			sourceTree = "<group>";
		};
		23B7661620CA4AD900667FEE /* Support */ = {
			isa = PBXGroup;
			children = (
				23B7661720CA4AF500667FEE /* Constants.swift */,
			);
			path = Support;
			sourceTree = "<group>";
		};
		23CBBBAD20CA380C0064446D /* Services */ = {
			isa = PBXGroup;
			children = (
				23CBBBAE20CA381B0064446D /* ShowAlertView.swift */,
				23CAAC5D20CA3B3E00725C0B /* GetTopVC.swift */,
				23B7661A20CA54DB00667FEE /* GetCurrentUser.swift */,
				2359A60220CA566500C66740 /* GetIdToken.swift */,
				2359A60B20CA57BC00C66740 /* Logout.swift */,
			);
			path = Services;
			sourceTree = "<group>";
		};
		419C7A8C521B026BC44B5473 /* Pods */ = {
			isa = PBXGroup;
			children = (
				1D11CF8BFC8998C4CF4533D2 /* Pods-swift-cognito-boilerplate.debug.xcconfig */,
				A2E5229AE6990922EF25DF70 /* Pods-swift-cognito-boilerplate.release.xcconfig */,
				00221FE7781DD95313494E8A /* Pods-swift-cognito-boilerplateTests.debug.xcconfig */,
				1B0D7C15D6222F36D0AFA443 /* Pods-swift-cognito-boilerplateTests.release.xcconfig */,
			);
			name = Pods;
			sourceTree = "<group>";
		};
		9CABF2384F4BFB7FC222ADCC /* Frameworks */ = {
			isa = PBXGroup;
			children = (
				E5DE8277D10DF1DA2D61B94C /* Pods_swift_cognito_boilerplate.framework */,
				6D0519652DD29115CCA8E20F /* Pods_swift_cognito_boilerplateTests.framework */,
			);
			name = Frameworks;
			sourceTree = "<group>";
		};
/* End PBXGroup section */

/* Begin PBXNativeTarget section */
		237D350820C8F61100C2E054 /* swift-cognito-boilerplate */ = {
			isa = PBXNativeTarget;
			buildConfigurationList = 237D353120C8F61300C2E054 /* Build configuration list for PBXNativeTarget "swift-cognito-boilerplate" */;
			buildPhases = (
				4D75EB8560672EA18CB3E474 /* [CP] Check Pods Manifest.lock */,
				237D350520C8F61100C2E054 /* Sources */,
				237D350620C8F61100C2E054 /* Frameworks */,
				237D350720C8F61100C2E054 /* Resources */,
				3BA76F726438ED332FE6726F /* [CP] Embed Pods Frameworks */,
			);
			buildRules = (
			);
			dependencies = (
			);
			name = "swift-cognito-boilerplate";
			productName = "swift-cognito-boilerplate";
			productReference = 237D350920C8F61100C2E054 /* swift-cognito-boilerplate.app */;
			productType = "com.apple.product-type.application";
		};
		237D351C20C8F61200C2E054 /* swift-cognito-boilerplateTests */ = {
			isa = PBXNativeTarget;
			buildConfigurationList = 237D353420C8F61300C2E054 /* Build configuration list for PBXNativeTarget "swift-cognito-boilerplateTests" */;
			buildPhases = (
				6C17023A3DF647D0B028EF96 /* [CP] Check Pods Manifest.lock */,
				237D351920C8F61200C2E054 /* Sources */,
				237D351A20C8F61200C2E054 /* Frameworks */,
				237D351B20C8F61200C2E054 /* Resources */,
			);
			buildRules = (
			);
			dependencies = (
				237D351F20C8F61200C2E054 /* PBXTargetDependency */,
			);
			name = "swift-cognito-boilerplateTests";
			productName = "swift-cognito-boilerplateTests";
			productReference = 237D351D20C8F61200C2E054 /* swift-cognito-boilerplateTests.xctest */;
			productType = "com.apple.product-type.bundle.unit-test";
		};
		237D352720C8F61300C2E054 /* swift-cognito-boilerplateUITests */ = {
			isa = PBXNativeTarget;
			buildConfigurationList = 237D353720C8F61300C2E054 /* Build configuration list for PBXNativeTarget "swift-cognito-boilerplateUITests" */;
			buildPhases = (
				237D352420C8F61300C2E054 /* Sources */,
				237D352520C8F61300C2E054 /* Frameworks */,
				237D352620C8F61300C2E054 /* Resources */,
			);
			buildRules = (
			);
			dependencies = (
				237D352A20C8F61300C2E054 /* PBXTargetDependency */,
			);
			name = "swift-cognito-boilerplateUITests";
			productName = "swift-cognito-boilerplateUITests";
			productReference = 237D352820C8F61300C2E054 /* swift-cognito-boilerplateUITests.xctest */;
			productType = "com.apple.product-type.bundle.ui-testing";
		};
/* End PBXNativeTarget section */

/* Begin PBXProject section */
		237D350120C8F61100C2E054 /* Project object */ = {
			isa = PBXProject;
			attributes = {
				LastSwiftUpdateCheck = 0930;
				LastUpgradeCheck = 0930;
				ORGANIZATIONNAME = "Vic-L";
				TargetAttributes = {
					237D350820C8F61100C2E054 = {
						CreatedOnToolsVersion = 9.3;
					};
					237D351C20C8F61200C2E054 = {
						CreatedOnToolsVersion = 9.3;
						TestTargetID = 237D350820C8F61100C2E054;
					};
					237D352720C8F61300C2E054 = {
						CreatedOnToolsVersion = 9.3;
						TestTargetID = 237D350820C8F61100C2E054;
					};
				};
			};
			buildConfigurationList = 237D350420C8F61100C2E054 /* Build configuration list for PBXProject "swift-cognito-boilerplate" */;
			compatibilityVersion = "Xcode 9.3";
			developmentRegion = en;
			hasScannedForEncodings = 0;
			knownRegions = (
				en,
				Base,
			);
			mainGroup = 237D350020C8F61100C2E054;
			productRefGroup = 237D350A20C8F61100C2E054 /* Products */;
			projectDirPath = "";
			projectRoot = "";
			targets = (
				237D350820C8F61100C2E054 /* swift-cognito-boilerplate */,
				237D351C20C8F61200C2E054 /* swift-cognito-boilerplateTests */,
				237D352720C8F61300C2E054 /* swift-cognito-boilerplateUITests */,
			);
		};
/* End PBXProject section */

/* Begin PBXResourcesBuildPhase section */
		237D350720C8F61100C2E054 /* Resources */ = {
			isa = PBXResourcesBuildPhase;
			buildActionMask = 2147483647;
			files = (
				237D354920C8F8D000C2E054 /* Authentication.storyboard in Resources */,
				237D351720C8F61200C2E054 /* LaunchScreen.storyboard in Resources */,
				237D351420C8F61200C2E054 /* Assets.xcassets in Resources */,
				237D354420C8F83A00C2E054 /* Main.storyboard in Resources */,
			);
			runOnlyForDeploymentPostprocessing = 0;
		};
		237D351B20C8F61200C2E054 /* Resources */ = {
			isa = PBXResourcesBuildPhase;
			buildActionMask = 2147483647;
			files = (
				237D354A20C8F8D000C2E054 /* Authentication.storyboard in Resources */,
				237D354520C8F83A00C2E054 /* Main.storyboard in Resources */,
			);
			runOnlyForDeploymentPostprocessing = 0;
		};
		237D352620C8F61300C2E054 /* Resources */ = {
			isa = PBXResourcesBuildPhase;
			buildActionMask = 2147483647;
			files = (
				237D354B20C8F8D000C2E054 /* Authentication.storyboard in Resources */,
				237D354620C8F83A00C2E054 /* Main.storyboard in Resources */,
			);
			runOnlyForDeploymentPostprocessing = 0;
		};
/* End PBXResourcesBuildPhase section */

/* Begin PBXShellScriptBuildPhase section */
		3BA76F726438ED332FE6726F /* [CP] Embed Pods Frameworks */ = {
			isa = PBXShellScriptBuildPhase;
			buildActionMask = 2147483647;
			files = (
			);
			inputPaths = (
				"${SRCROOT}/Pods/Target Support Files/Pods-swift-cognito-boilerplate/Pods-swift-cognito-boilerplate-frameworks.sh",
				"${BUILT_PRODUCTS_DIR}/AWSCognitoIdentityProvider/AWSCognitoIdentityProvider.framework",
				"${BUILT_PRODUCTS_DIR}/AWSCognitoIdentityProviderASF/AWSCognitoIdentityProviderASF.framework",
				"${BUILT_PRODUCTS_DIR}/AWSCore/AWSCore.framework",
				"${BUILT_PRODUCTS_DIR}/IQKeyboardManagerSwift/IQKeyboardManagerSwift.framework",
				"${BUILT_PRODUCTS_DIR}/SVProgressHUD/SVProgressHUD.framework",
			);
			name = "[CP] Embed Pods Frameworks";
			outputPaths = (
				"${TARGET_BUILD_DIR}/${FRAMEWORKS_FOLDER_PATH}/AWSCognitoIdentityProvider.framework",
				"${TARGET_BUILD_DIR}/${FRAMEWORKS_FOLDER_PATH}/AWSCognitoIdentityProviderASF.framework",
				"${TARGET_BUILD_DIR}/${FRAMEWORKS_FOLDER_PATH}/AWSCore.framework",
				"${TARGET_BUILD_DIR}/${FRAMEWORKS_FOLDER_PATH}/IQKeyboardManagerSwift.framework",
				"${TARGET_BUILD_DIR}/${FRAMEWORKS_FOLDER_PATH}/SVProgressHUD.framework",
			);
			runOnlyForDeploymentPostprocessing = 0;
			shellPath = /bin/sh;
			shellScript = "\"${SRCROOT}/Pods/Target Support Files/Pods-swift-cognito-boilerplate/Pods-swift-cognito-boilerplate-frameworks.sh\"\n";
			showEnvVarsInLog = 0;
		};
		4D75EB8560672EA18CB3E474 /* [CP] Check Pods Manifest.lock */ = {
			isa = PBXShellScriptBuildPhase;
			buildActionMask = 2147483647;
			files = (
			);
			inputPaths = (
				"${PODS_PODFILE_DIR_PATH}/Podfile.lock",
				"${PODS_ROOT}/Manifest.lock",
			);
			name = "[CP] Check Pods Manifest.lock";
			outputPaths = (
				"$(DERIVED_FILE_DIR)/Pods-swift-cognito-boilerplate-checkManifestLockResult.txt",
			);
			runOnlyForDeploymentPostprocessing = 0;
			shellPath = /bin/sh;
			shellScript = "diff \"${PODS_PODFILE_DIR_PATH}/Podfile.lock\" \"${PODS_ROOT}/Manifest.lock\" > /dev/null\nif [ $? != 0 ] ; then\n    # print error to STDERR\n    echo \"error: The sandbox is not in sync with the Podfile.lock. Run 'pod install' or update your CocoaPods installation.\" >&2\n    exit 1\nfi\n# This output is used by Xcode 'outputs' to avoid re-running this script phase.\necho \"SUCCESS\" > \"${SCRIPT_OUTPUT_FILE_0}\"\n";
			showEnvVarsInLog = 0;
		};
		6C17023A3DF647D0B028EF96 /* [CP] Check Pods Manifest.lock */ = {
			isa = PBXShellScriptBuildPhase;
			buildActionMask = 2147483647;
			files = (
			);
			inputPaths = (
				"${PODS_PODFILE_DIR_PATH}/Podfile.lock",
				"${PODS_ROOT}/Manifest.lock",
			);
			name = "[CP] Check Pods Manifest.lock";
			outputPaths = (
				"$(DERIVED_FILE_DIR)/Pods-swift-cognito-boilerplateTests-checkManifestLockResult.txt",
			);
			runOnlyForDeploymentPostprocessing = 0;
			shellPath = /bin/sh;
			shellScript = "diff \"${PODS_PODFILE_DIR_PATH}/Podfile.lock\" \"${PODS_ROOT}/Manifest.lock\" > /dev/null\nif [ $? != 0 ] ; then\n    # print error to STDERR\n    echo \"error: The sandbox is not in sync with the Podfile.lock. Run 'pod install' or update your CocoaPods installation.\" >&2\n    exit 1\nfi\n# This output is used by Xcode 'outputs' to avoid re-running this script phase.\necho \"SUCCESS\" > \"${SCRIPT_OUTPUT_FILE_0}\"\n";
			showEnvVarsInLog = 0;
		};
/* End PBXShellScriptBuildPhase section */

/* Begin PBXSourcesBuildPhase section */
		237D350520C8F61100C2E054 /* Sources */ = {
			isa = PBXSourcesBuildPhase;
			buildActionMask = 2147483647;
			files = (
				237D355220C8F98900C2E054 /* UIViewControllerExtensions.swift in Sources */,
				23CBBBAF20CA381B0064446D /* ShowAlertView.swift in Sources */,
				237D354020C8F7F500C2E054 /* StartupVC.swift in Sources */,
				237D350D20C8F61100C2E054 /* AppDelegate.swift in Sources */,
				23CAAC5E20CA3B3E00725C0B /* GetTopVC.swift in Sources */,
				237D354D20C8F8E200C2E054 /* LoginVC.swift in Sources */,
				23CBBBB220CA384F0064446D /* UIWindowExtensions.swift in Sources */,
				23B7661B20CA54DB00667FEE /* GetCurrentUser.swift in Sources */,
				233593D82107E7CE0028E014 /* ForgotPasswordVC.swift in Sources */,
				2359A60320CA566500C66740 /* GetIdToken.swift in Sources */,
				23CAAC6120CA3BCF00725C0B /* ForceChangePasswordVC.swift in Sources */,
				2359A60C20CA57BC00C66740 /* Logout.swift in Sources */,
				233593DC2107E9BF0028E014 /* NewPasswordVC.swift in Sources */,
				23B7661820CA4AF500667FEE /* Constants.swift in Sources */,
				237796F920CA61AB00CB27E6 /* MainVC.swift in Sources */,
			);
			runOnlyForDeploymentPostprocessing = 0;
		};
		237D351920C8F61200C2E054 /* Sources */ = {
			isa = PBXSourcesBuildPhase;
			buildActionMask = 2147483647;
			files = (
				237D355320C8F98900C2E054 /* UIViewControllerExtensions.swift in Sources */,
				23CBBBB020CA381B0064446D /* ShowAlertView.swift in Sources */,
				237D354120C8F7F500C2E054 /* StartupVC.swift in Sources */,
				237D352220C8F61200C2E054 /* swift_cognito_boilerplateTests.swift in Sources */,
				23CAAC5F20CA3B3E00725C0B /* GetTopVC.swift in Sources */,
				237D354E20C8F8E200C2E054 /* LoginVC.swift in Sources */,
				23CBBBB320CA384F0064446D /* UIWindowExtensions.swift in Sources */,
				23B7661C20CA54DB00667FEE /* GetCurrentUser.swift in Sources */,
				233593D92107E7CE0028E014 /* ForgotPasswordVC.swift in Sources */,
				2359A60420CA566500C66740 /* GetIdToken.swift in Sources */,
				23CAAC6220CA3BCF00725C0B /* ForceChangePasswordVC.swift in Sources */,
				2359A60D20CA57BC00C66740 /* Logout.swift in Sources */,
				233593DD2107E9BF0028E014 /* NewPasswordVC.swift in Sources */,
				23B7661920CA4AF500667FEE /* Constants.swift in Sources */,
				237796FA20CA61AB00CB27E6 /* MainVC.swift in Sources */,
			);
			runOnlyForDeploymentPostprocessing = 0;
		};
		237D352420C8F61300C2E054 /* Sources */ = {
			isa = PBXSourcesBuildPhase;
			buildActionMask = 2147483647;
			files = (
				237D355420C8F98900C2E054 /* UIViewControllerExtensions.swift in Sources */,
				233593DE2107E9BF0028E014 /* NewPasswordVC.swift in Sources */,
				237796FB20CA61AB00CB27E6 /* MainVC.swift in Sources */,
				233593DA2107E7CE0028E014 /* ForgotPasswordVC.swift in Sources */,
				237D354220C8F7F500C2E054 /* StartupVC.swift in Sources */,
				237D352D20C8F61300C2E054 /* swift_cognito_boilerplateUITests.swift in Sources */,
				237D354F20C8F8E200C2E054 /* LoginVC.swift in Sources */,
			);
			runOnlyForDeploymentPostprocessing = 0;
		};
/* End PBXSourcesBuildPhase section */

/* Begin PBXTargetDependency section */
		237D351F20C8F61200C2E054 /* PBXTargetDependency */ = {
			isa = PBXTargetDependency;
			target = 237D350820C8F61100C2E054 /* swift-cognito-boilerplate */;
			targetProxy = 237D351E20C8F61200C2E054 /* PBXContainerItemProxy */;
		};
		237D352A20C8F61300C2E054 /* PBXTargetDependency */ = {
			isa = PBXTargetDependency;
			target = 237D350820C8F61100C2E054 /* swift-cognito-boilerplate */;
			targetProxy = 237D352920C8F61300C2E054 /* PBXContainerItemProxy */;
		};
/* End PBXTargetDependency section */

/* Begin PBXVariantGroup section */
		237D351520C8F61200C2E054 /* LaunchScreen.storyboard */ = {
			isa = PBXVariantGroup;
			children = (
				237D351620C8F61200C2E054 /* Base */,
			);
			name = LaunchScreen.storyboard;
			sourceTree = "<group>";
		};
		237D354720C8F8D000C2E054 /* Authentication.storyboard */ = {
			isa = PBXVariantGroup;
			children = (
				237D354820C8F8D000C2E054 /* Base */,
			);
			name = Authentication.storyboard;
			sourceTree = "<group>";
		};
/* End PBXVariantGroup section */

/* Begin XCBuildConfiguration section */
		237D352F20C8F61300C2E054 /* Debug */ = {
			isa = XCBuildConfiguration;
			buildSettings = {
				ALWAYS_SEARCH_USER_PATHS = NO;
				CLANG_ANALYZER_NONNULL = YES;
				CLANG_ANALYZER_NUMBER_OBJECT_CONVERSION = YES_AGGRESSIVE;
				CLANG_CXX_LANGUAGE_STANDARD = "gnu++14";
				CLANG_CXX_LIBRARY = "libc++";
				CLANG_ENABLE_MODULES = YES;
				CLANG_ENABLE_OBJC_ARC = YES;
				CLANG_ENABLE_OBJC_WEAK = YES;
				CLANG_WARN_BLOCK_CAPTURE_AUTORELEASING = YES;
				CLANG_WARN_BOOL_CONVERSION = YES;
				CLANG_WARN_COMMA = YES;
				CLANG_WARN_CONSTANT_CONVERSION = YES;
				CLANG_WARN_DEPRECATED_OBJC_IMPLEMENTATIONS = YES;
				CLANG_WARN_DIRECT_OBJC_ISA_USAGE = YES_ERROR;
				CLANG_WARN_DOCUMENTATION_COMMENTS = YES;
				CLANG_WARN_EMPTY_BODY = YES;
				CLANG_WARN_ENUM_CONVERSION = YES;
				CLANG_WARN_INFINITE_RECURSION = YES;
				CLANG_WARN_INT_CONVERSION = YES;
				CLANG_WARN_NON_LITERAL_NULL_CONVERSION = YES;
				CLANG_WARN_OBJC_IMPLICIT_RETAIN_SELF = YES;
				CLANG_WARN_OBJC_LITERAL_CONVERSION = YES;
				CLANG_WARN_OBJC_ROOT_CLASS = YES_ERROR;
				CLANG_WARN_RANGE_LOOP_ANALYSIS = YES;
				CLANG_WARN_STRICT_PROTOTYPES = YES;
				CLANG_WARN_SUSPICIOUS_MOVE = YES;
				CLANG_WARN_UNGUARDED_AVAILABILITY = YES_AGGRESSIVE;
				CLANG_WARN_UNREACHABLE_CODE = YES;
				CLANG_WARN__DUPLICATE_METHOD_MATCH = YES;
				CODE_SIGN_IDENTITY = "iPhone Developer";
				COPY_PHASE_STRIP = NO;
				DEBUG_INFORMATION_FORMAT = dwarf;
				ENABLE_STRICT_OBJC_MSGSEND = YES;
				ENABLE_TESTABILITY = YES;
				GCC_C_LANGUAGE_STANDARD = gnu11;
				GCC_DYNAMIC_NO_PIC = NO;
				GCC_NO_COMMON_BLOCKS = YES;
				GCC_OPTIMIZATION_LEVEL = 0;
				GCC_PREPROCESSOR_DEFINITIONS = (
					"DEBUG=1",
					"$(inherited)",
				);
				GCC_WARN_64_TO_32_BIT_CONVERSION = YES;
				GCC_WARN_ABOUT_RETURN_TYPE = YES_ERROR;
				GCC_WARN_UNDECLARED_SELECTOR = YES;
				GCC_WARN_UNINITIALIZED_AUTOS = YES_AGGRESSIVE;
				GCC_WARN_UNUSED_FUNCTION = YES;
				GCC_WARN_UNUSED_VARIABLE = YES;
				IPHONEOS_DEPLOYMENT_TARGET = 11.3;
				MTL_ENABLE_DEBUG_INFO = YES;
				ONLY_ACTIVE_ARCH = YES;
				SDKROOT = iphoneos;
				SWIFT_ACTIVE_COMPILATION_CONDITIONS = DEBUG;
				SWIFT_OPTIMIZATION_LEVEL = "-Onone";
			};
			name = Debug;
		};
		237D353020C8F61300C2E054 /* Release */ = {
			isa = XCBuildConfiguration;
			buildSettings = {
				ALWAYS_SEARCH_USER_PATHS = NO;
				CLANG_ANALYZER_NONNULL = YES;
				CLANG_ANALYZER_NUMBER_OBJECT_CONVERSION = YES_AGGRESSIVE;
				CLANG_CXX_LANGUAGE_STANDARD = "gnu++14";
				CLANG_CXX_LIBRARY = "libc++";
				CLANG_ENABLE_MODULES = YES;
				CLANG_ENABLE_OBJC_ARC = YES;
				CLANG_ENABLE_OBJC_WEAK = YES;
				CLANG_WARN_BLOCK_CAPTURE_AUTORELEASING = YES;
				CLANG_WARN_BOOL_CONVERSION = YES;
				CLANG_WARN_COMMA = YES;
				CLANG_WARN_CONSTANT_CONVERSION = YES;
				CLANG_WARN_DEPRECATED_OBJC_IMPLEMENTATIONS = YES;
				CLANG_WARN_DIRECT_OBJC_ISA_USAGE = YES_ERROR;
				CLANG_WARN_DOCUMENTATION_COMMENTS = YES;
				CLANG_WARN_EMPTY_BODY = YES;
				CLANG_WARN_ENUM_CONVERSION = YES;
				CLANG_WARN_INFINITE_RECURSION = YES;
				CLANG_WARN_INT_CONVERSION = YES;
				CLANG_WARN_NON_LITERAL_NULL_CONVERSION = YES;
				CLANG_WARN_OBJC_IMPLICIT_RETAIN_SELF = YES;
				CLANG_WARN_OBJC_LITERAL_CONVERSION = YES;
				CLANG_WARN_OBJC_ROOT_CLASS = YES_ERROR;
				CLANG_WARN_RANGE_LOOP_ANALYSIS = YES;
				CLANG_WARN_STRICT_PROTOTYPES = YES;
				CLANG_WARN_SUSPICIOUS_MOVE = YES;
				CLANG_WARN_UNGUARDED_AVAILABILITY = YES_AGGRESSIVE;
				CLANG_WARN_UNREACHABLE_CODE = YES;
				CLANG_WARN__DUPLICATE_METHOD_MATCH = YES;
				CODE_SIGN_IDENTITY = "iPhone Developer";
				COPY_PHASE_STRIP = NO;
				DEBUG_INFORMATION_FORMAT = "dwarf-with-dsym";
				ENABLE_NS_ASSERTIONS = NO;
				ENABLE_STRICT_OBJC_MSGSEND = YES;
				GCC_C_LANGUAGE_STANDARD = gnu11;
				GCC_NO_COMMON_BLOCKS = YES;
				GCC_WARN_64_TO_32_BIT_CONVERSION = YES;
				GCC_WARN_ABOUT_RETURN_TYPE = YES_ERROR;
				GCC_WARN_UNDECLARED_SELECTOR = YES;
				GCC_WARN_UNINITIALIZED_AUTOS = YES_AGGRESSIVE;
				GCC_WARN_UNUSED_FUNCTION = YES;
				GCC_WARN_UNUSED_VARIABLE = YES;
				IPHONEOS_DEPLOYMENT_TARGET = 11.3;
				MTL_ENABLE_DEBUG_INFO = NO;
				SDKROOT = iphoneos;
				SWIFT_COMPILATION_MODE = wholemodule;
				SWIFT_OPTIMIZATION_LEVEL = "-O";
				VALIDATE_PRODUCT = YES;
			};
			name = Release;
		};
		237D353220C8F61300C2E054 /* Debug */ = {
			isa = XCBuildConfiguration;
			baseConfigurationReference = 1D11CF8BFC8998C4CF4533D2 /* Pods-swift-cognito-boilerplate.debug.xcconfig */;
			buildSettings = {
				ASSETCATALOG_COMPILER_APPICON_NAME = AppIcon;
				CODE_SIGN_STYLE = Automatic;
				DEVELOPMENT_TEAM = PDYS8RZ74Y;
				INFOPLIST_FILE = "swift-cognito-boilerplate/Info.plist";
				LD_RUNPATH_SEARCH_PATHS = (
					"$(inherited)",
					"@executable_path/Frameworks",
				);
				PRODUCT_BUNDLE_IDENTIFIER = "com.vic-l.swift-cognito-boilerplate";
				PRODUCT_NAME = "$(TARGET_NAME)";
				SWIFT_VERSION = 4.0;
				TARGETED_DEVICE_FAMILY = "1,2";
			};
			name = Debug;
		};
		237D353320C8F61300C2E054 /* Release */ = {
			isa = XCBuildConfiguration;
			baseConfigurationReference = A2E5229AE6990922EF25DF70 /* Pods-swift-cognito-boilerplate.release.xcconfig */;
			buildSettings = {
				ASSETCATALOG_COMPILER_APPICON_NAME = AppIcon;
				CODE_SIGN_STYLE = Automatic;
				DEVELOPMENT_TEAM = PDYS8RZ74Y;
				INFOPLIST_FILE = "swift-cognito-boilerplate/Info.plist";
				LD_RUNPATH_SEARCH_PATHS = (
					"$(inherited)",
					"@executable_path/Frameworks",
				);
				PRODUCT_BUNDLE_IDENTIFIER = "com.vic-l.swift-cognito-boilerplate";
				PRODUCT_NAME = "$(TARGET_NAME)";
				SWIFT_VERSION = 4.0;
				TARGETED_DEVICE_FAMILY = "1,2";
			};
			name = Release;
		};
		237D353520C8F61300C2E054 /* Debug */ = {
			isa = XCBuildConfiguration;
			baseConfigurationReference = 00221FE7781DD95313494E8A /* Pods-swift-cognito-boilerplateTests.debug.xcconfig */;
			buildSettings = {
				ALWAYS_EMBED_SWIFT_STANDARD_LIBRARIES = YES;
				BUNDLE_LOADER = "$(TEST_HOST)";
				CODE_SIGN_STYLE = Automatic;
				DEVELOPMENT_TEAM = PDYS8RZ74Y;
				INFOPLIST_FILE = "swift-cognito-boilerplateTests/Info.plist";
				LD_RUNPATH_SEARCH_PATHS = (
					"$(inherited)",
					"@executable_path/Frameworks",
					"@loader_path/Frameworks",
				);
				PRODUCT_BUNDLE_IDENTIFIER = "com.vic-l.swift-cognito-boilerplateTests";
				PRODUCT_NAME = "$(TARGET_NAME)";
				SWIFT_VERSION = 4.0;
				TARGETED_DEVICE_FAMILY = "1,2";
				TEST_HOST = "$(BUILT_PRODUCTS_DIR)/swift-cognito-boilerplate.app/swift-cognito-boilerplate";
			};
			name = Debug;
		};
		237D353620C8F61300C2E054 /* Release */ = {
			isa = XCBuildConfiguration;
			baseConfigurationReference = 1B0D7C15D6222F36D0AFA443 /* Pods-swift-cognito-boilerplateTests.release.xcconfig */;
			buildSettings = {
				ALWAYS_EMBED_SWIFT_STANDARD_LIBRARIES = YES;
				BUNDLE_LOADER = "$(TEST_HOST)";
				CODE_SIGN_STYLE = Automatic;
				DEVELOPMENT_TEAM = PDYS8RZ74Y;
				INFOPLIST_FILE = "swift-cognito-boilerplateTests/Info.plist";
				LD_RUNPATH_SEARCH_PATHS = (
					"$(inherited)",
					"@executable_path/Frameworks",
					"@loader_path/Frameworks",
				);
				PRODUCT_BUNDLE_IDENTIFIER = "com.vic-l.swift-cognito-boilerplateTests";
				PRODUCT_NAME = "$(TARGET_NAME)";
				SWIFT_VERSION = 4.0;
				TARGETED_DEVICE_FAMILY = "1,2";
				TEST_HOST = "$(BUILT_PRODUCTS_DIR)/swift-cognito-boilerplate.app/swift-cognito-boilerplate";
			};
			name = Release;
		};
		237D353820C8F61300C2E054 /* Debug */ = {
			isa = XCBuildConfiguration;
			buildSettings = {
				ALWAYS_EMBED_SWIFT_STANDARD_LIBRARIES = YES;
				CODE_SIGN_STYLE = Automatic;
				DEVELOPMENT_TEAM = PDYS8RZ74Y;
				INFOPLIST_FILE = "swift-cognito-boilerplateUITests/Info.plist";
				LD_RUNPATH_SEARCH_PATHS = (
					"$(inherited)",
					"@executable_path/Frameworks",
					"@loader_path/Frameworks",
				);
				PRODUCT_BUNDLE_IDENTIFIER = "com.vic-l.swift-cognito-boilerplateUITests";
				PRODUCT_NAME = "$(TARGET_NAME)";
				SWIFT_VERSION = 4.0;
				TARGETED_DEVICE_FAMILY = "1,2";
				TEST_TARGET_NAME = "swift-cognito-boilerplate";
			};
			name = Debug;
		};
		237D353920C8F61300C2E054 /* Release */ = {
			isa = XCBuildConfiguration;
			buildSettings = {
				ALWAYS_EMBED_SWIFT_STANDARD_LIBRARIES = YES;
				CODE_SIGN_STYLE = Automatic;
				DEVELOPMENT_TEAM = PDYS8RZ74Y;
				INFOPLIST_FILE = "swift-cognito-boilerplateUITests/Info.plist";
				LD_RUNPATH_SEARCH_PATHS = (
					"$(inherited)",
					"@executable_path/Frameworks",
					"@loader_path/Frameworks",
				);
				PRODUCT_BUNDLE_IDENTIFIER = "com.vic-l.swift-cognito-boilerplateUITests";
				PRODUCT_NAME = "$(TARGET_NAME)";
				SWIFT_VERSION = 4.0;
				TARGETED_DEVICE_FAMILY = "1,2";
				TEST_TARGET_NAME = "swift-cognito-boilerplate";
			};
			name = Release;
		};
/* End XCBuildConfiguration section */

/* Begin XCConfigurationList section */
		237D350420C8F61100C2E054 /* Build configuration list for PBXProject "swift-cognito-boilerplate" */ = {
			isa = XCConfigurationList;
			buildConfigurations = (
				237D352F20C8F61300C2E054 /* Debug */,
				237D353020C8F61300C2E054 /* Release */,
			);
			defaultConfigurationIsVisible = 0;
			defaultConfigurationName = Release;
		};
		237D353120C8F61300C2E054 /* Build configuration list for PBXNativeTarget "swift-cognito-boilerplate" */ = {
			isa = XCConfigurationList;
			buildConfigurations = (
				237D353220C8F61300C2E054 /* Debug */,
				237D353320C8F61300C2E054 /* Release */,
			);
			defaultConfigurationIsVisible = 0;
			defaultConfigurationName = Release;
		};
		237D353420C8F61300C2E054 /* Build configuration list for PBXNativeTarget "swift-cognito-boilerplateTests" */ = {
			isa = XCConfigurationList;
			buildConfigurations = (
				237D353520C8F61300C2E054 /* Debug */,
				237D353620C8F61300C2E054 /* Release */,
			);
			defaultConfigurationIsVisible = 0;
			defaultConfigurationName = Release;
		};
		237D353720C8F61300C2E054 /* Build configuration list for PBXNativeTarget "swift-cognito-boilerplateUITests" */ = {
			isa = XCConfigurationList;
			buildConfigurations = (
				237D353820C8F61300C2E054 /* Debug */,
				237D353920C8F61300C2E054 /* Release */,
			);
			defaultConfigurationIsVisible = 0;
			defaultConfigurationName = Release;
		};
/* End XCConfigurationList section */
	};
	rootObject = 237D350120C8F61100C2E054 /* Project object */;
}
